Microsoft Visual Studio Solution File, Format Version 12.00
# Visual Studio Version 17
VisualStudioVersion = 17.5.2.0
MinimumVisualStudioVersion = 10.0.40219.1
Project("{FAE04EC0-301F-11D3-BF4B-00C04F79EFBC}") = "KesifUDFGenerator", "KesifUDFGenerator\KesifUDFGenerator.csproj", "{D5D1412C-433A-DD3A-9C4E-AF00A427275F}"
EndProject
Global
	GlobalSection(SolutionConfigurationPlatforms) = preSolution
		Debug|Any CPU = Debug|Any CPU
		Release|Any CPU = Release|Any CPU
	EndGlobalSection
	GlobalSection(ProjectConfigurationPlatforms) = postSolution
		{D5D1412C-433A-DD3A-9C4E-AF00A427275F}.Debug|Any CPU.ActiveCfg = Debug|Any CPU
		{D5D1412C-433A-DD3A-9C4E-AF00A427275F}.Debug|Any CPU.Build.0 = Debug|Any CPU
		{D5D1412C-433A-DD3A-9C4E-AF00A427275F}.Release|Any CPU.ActiveCfg = Release|Any CPU
		{D5D1412C-433A-DD3A-9C4E-AF00A427275F}.Release|Any CPU.Build.0 = Release|Any CPU
	EndGlobalSection
	GlobalSection(SolutionProperties) = preSolution
		HideSolutionNode = FALSE
	EndGlobalSection
	GlobalSection(ExtensibilityGlobals) = postSolution
		SolutionGuid = {1E332A61-092A-4490-AB86-CC3A3DC0FF5E}
	EndGlobalSection
EndGlobal
